
Microsoft Visual Studio Solution File, Format Version 12.00
# Visual Studio Version 17
VisualStudioVersion = 17.7.34221.43
MinimumVisualStudioVersion = 10.0.40219.1
Project("{FAE04EC0-301F-11D3-BF4B-00C04F79EFBC}") = "VisualDebugger", "VisualDebugger.csproj", "{1E1490F2-E97C-4989-9814-A5BEE619347A}"
EndProject
Project("{2150E333-8FDC-42A3-9474-1A3956D46DE8}") = "Elementi di soluzione", "Elementi di soluzione", "{B79F0791-BCEA-4915-907F-3E73AE17E297}"
EndProject
Global
	GlobalSection(SolutionConfigurationPlatforms) = preSolution
		Debug|Any CPU = Debug|Any CPU
		Release|Any CPU = Release|Any CPU
	EndGlobalSection
	GlobalSection(ProjectConfigurationPlatforms) = postSolution
		{1E1490F2-E97C-4989-9814-A5BEE619347A}.Debug|Any CPU.ActiveCfg = Debug|Any CPU
		{1E1490F2-E97C-4989-9814-A5BEE619347A}.Debug|Any CPU.Build.0 = Debug|Any CPU
		{1E1490F2-E97C-4989-9814-A5BEE619347A}.Release|Any CPU.ActiveCfg = Release|Any CPU
		{1E1490F2-E97C-4989-9814-A5BEE619347A}.Release|Any CPU.Build.0 = Release|Any CPU
	EndGlobalSection
	GlobalSection(SolutionProperties) = preSolution
		HideSolutionNode = FALSE
	EndGlobalSection
	GlobalSection(ExtensibilityGlobals) = postSolution
		SolutionGuid = {3237F282-F91D-4768-9E4D-F511F6C0906D}
	EndGlobalSection
EndGlobal
